
Microsoft Visual Studio Solution File, Format Version 12.00
# Visual Studio Version 17
VisualStudioVersion = 17.0.31903.59
MinimumVisualStudioVersion = 10.0.40219.1
Project("{2150E333-8FDC-42A3-9474-1A3956D46DE8}") = "WebApps", "WebApps", "{CCAB019D-9C04-4B39-B0D3-5037217B27DD}"
EndProject
Project("{2150E333-8FDC-42A3-9474-1A3956D46DE8}") = "Services", "Services", "{E4528FC4-1836-46F2-AD51-A3F0305011D4}"
EndProject
Project("{2150E333-8FDC-42A3-9474-1A3956D46DE8}") = "Cadastros", "Cadastros", "{2CB274DD-3587-4B9A-A62D-03C121FEE0B6}"
EndProject
Project("{2150E333-8FDC-42A3-9474-1A3956D46DE8}") = "Catalogo", "Catalogo", "{57D70683-4F36-49C4-BE3A-C565D2C50714}"
EndProject
Project("{2150E333-8FDC-42A3-9474-1A3956D46DE8}") = "Core", "Core", "{FC02A5EC-896A-442F-BC0C-A7763707104E}"
EndProject
Project("{2150E333-8FDC-42A3-9474-1A3956D46DE8}") = "Fiscal", "Fiscal", "{05E55E0B-E1AD-49C3-BB05-A12281753682}"
EndProject
Project("{2150E333-8FDC-42A3-9474-1A3956D46DE8}") = "Pagamentos", "Pagamentos", "{CDB19C51-6D6C-4FE4-9B5F-72B89DC59064}"
EndProject
Project("{2150E333-8FDC-42A3-9474-1A3956D46DE8}") = "Vendas", "Vendas", "{2A9EECB7-D718-4B4B-9DEC-2AF9B4C6F34A}"
EndProject
Project("{FAE04EC0-301F-11D3-BF4B-00C04F79EFBC}") = "NerdStore.Catalogo.Domain", "NerdStore.Catalogo.Domain\NerdStore.Catalogo.Domain.csproj", "{206258DA-92C8-458B-BA77-77E5EAF78230}"
EndProject
Project("{FAE04EC0-301F-11D3-BF4B-00C04F79EFBC}") = "NerdStore.Core", "NerdStore.Core\NerdStore.Core.csproj", "{42A24C75-D1EA-477A-B4AD-CDF75BF4F678}"
EndProject
Project("{FAE04EC0-301F-11D3-BF4B-00C04F79EFBC}") = "NerdStore.Catalogo.Data", "NerdStore.Catalogo.Data\NerdStore.Catalogo.Data.csproj", "{DBD188A1-2814-49B5-8B41-EF46F9278FC2}"
EndProject
Project("{FAE04EC0-301F-11D3-BF4B-00C04F79EFBC}") = "NerdStore.Catalogo.Domain.Tests", "NerdStore.Catalogo.Domain.Tests\NerdStore.Catalogo.Domain.Tests.csproj", "{81AA40A1-3936-4509-9E78-E882AD6F7955}"
EndProject
Project("{FAE04EC0-301F-11D3-BF4B-00C04F79EFBC}") = "NerdStore.Catalogo.Application", "NerdStore.Catalogo.Application\NerdStore.Catalogo.Application.csproj", "{F90DF2AA-8ABF-4526-8BEC-014C9AD6815A}"
EndProject
Global
	GlobalSection(SolutionConfigurationPlatforms) = preSolution
		Debug|Any CPU = Debug|Any CPU
		Release|Any CPU = Release|Any CPU
	EndGlobalSection
	GlobalSection(SolutionProperties) = preSolution
		HideSolutionNode = FALSE
	EndGlobalSection
	GlobalSection(NestedProjects) = preSolution
		{2CB274DD-3587-4B9A-A62D-03C121FEE0B6} = {E4528FC4-1836-46F2-AD51-A3F0305011D4}
		{57D70683-4F36-49C4-BE3A-C565D2C50714} = {E4528FC4-1836-46F2-AD51-A3F0305011D4}
		{FC02A5EC-896A-442F-BC0C-A7763707104E} = {E4528FC4-1836-46F2-AD51-A3F0305011D4}
		{05E55E0B-E1AD-49C3-BB05-A12281753682} = {E4528FC4-1836-46F2-AD51-A3F0305011D4}
		{CDB19C51-6D6C-4FE4-9B5F-72B89DC59064} = {E4528FC4-1836-46F2-AD51-A3F0305011D4}
		{2A9EECB7-D718-4B4B-9DEC-2AF9B4C6F34A} = {E4528FC4-1836-46F2-AD51-A3F0305011D4}
		{206258DA-92C8-458B-BA77-77E5EAF78230} = {57D70683-4F36-49C4-BE3A-C565D2C50714}
		{42A24C75-D1EA-477A-B4AD-CDF75BF4F678} = {FC02A5EC-896A-442F-BC0C-A7763707104E}
		{DBD188A1-2814-49B5-8B41-EF46F9278FC2} = {57D70683-4F36-49C4-BE3A-C565D2C50714}
		{81AA40A1-3936-4509-9E78-E882AD6F7955} = {57D70683-4F36-49C4-BE3A-C565D2C50714}
		{F90DF2AA-8ABF-4526-8BEC-014C9AD6815A} = {57D70683-4F36-49C4-BE3A-C565D2C50714}
	EndGlobalSection
	GlobalSection(ProjectConfigurationPlatforms) = postSolution
		{206258DA-92C8-458B-BA77-77E5EAF78230}.Debug|Any CPU.ActiveCfg = Debug|Any CPU
		{206258DA-92C8-458B-BA77-77E5EAF78230}.Debug|Any CPU.Build.0 = Debug|Any CPU
		{206258DA-92C8-458B-BA77-77E5EAF78230}.Release|Any CPU.ActiveCfg = Release|Any CPU
		{206258DA-92C8-458B-BA77-77E5EAF78230}.Release|Any CPU.Build.0 = Release|Any CPU
		{42A24C75-D1EA-477A-B4AD-CDF75BF4F678}.Debug|Any CPU.ActiveCfg = Debug|Any CPU
		{42A24C75-D1EA-477A-B4AD-CDF75BF4F678}.Debug|Any CPU.Build.0 = Debug|Any CPU
		{42A24C75-D1EA-477A-B4AD-CDF75BF4F678}.Release|Any CPU.ActiveCfg = Release|Any CPU
		{42A24C75-D1EA-477A-B4AD-CDF75BF4F678}.Release|Any CPU.Build.0 = Release|Any CPU
		{DBD188A1-2814-49B5-8B41-EF46F9278FC2}.Debug|Any CPU.ActiveCfg = Debug|Any CPU
		{DBD188A1-2814-49B5-8B41-EF46F9278FC2}.Debug|Any CPU.Build.0 = Debug|Any CPU
		{DBD188A1-2814-49B5-8B41-EF46F9278FC2}.Release|Any CPU.ActiveCfg = Release|Any CPU
		{DBD188A1-2814-49B5-8B41-EF46F9278FC2}.Release|Any CPU.Build.0 = Release|Any CPU
		{81AA40A1-3936-4509-9E78-E882AD6F7955}.Debug|Any CPU.ActiveCfg = Debug|Any CPU
		{81AA40A1-3936-4509-9E78-E882AD6F7955}.Debug|Any CPU.Build.0 = Debug|Any CPU
		{81AA40A1-3936-4509-9E78-E882AD6F7955}.Release|Any CPU.ActiveCfg = Release|Any CPU
		{81AA40A1-3936-4509-9E78-E882AD6F7955}.Release|Any CPU.Build.0 = Release|Any CPU
		{F90DF2AA-8ABF-4526-8BEC-014C9AD6815A}.Debug|Any CPU.ActiveCfg = Debug|Any CPU
		{F90DF2AA-8ABF-4526-8BEC-014C9AD6815A}.Debug|Any CPU.Build.0 = Debug|Any CPU
		{F90DF2AA-8ABF-4526-8BEC-014C9AD6815A}.Release|Any CPU.ActiveCfg = Release|Any CPU
		{F90DF2AA-8ABF-4526-8BEC-014C9AD6815A}.Release|Any CPU.Build.0 = Release|Any CPU
	EndGlobalSection
EndGlobal
